
Microsoft Visual Studio Solution File, Format Version 12.00
# Visual Studio Version 17
VisualStudioVersion = 17.7.34024.191
MinimumVisualStudioVersion = 10.0.40219.1
Project("{2150E333-8FDC-42A3-9474-1A3956D46DE8}") = "Services", "Services", "{879D9698-C463-4E73-BAA1-EC8DEECED47F}"
EndProject
Project("{2150E333-8FDC-42A3-9474-1A3956D46DE8}") = "Catalog", "Catalog", "{409D6893-A3EF-42E4-8C45-74DE59B54A95}"
EndProject
Project("{9A19103F-16F7-4668-BE54-9A1E7A4F7556}") = "API.Catalog", "API.Catalog\API.Catalog.csproj", "{9D9D290F-067A-43B5-8FB3-5A0900B5E415}"
EndProject
Project("{E53339B2-1760-4266-BCC7-CA923CBCF16C}") = "docker-compose", "docker-compose.dcproj", "{BF6632D1-7D36-4A87-B606-427979D43E52}"
EndProject
Project("{2150E333-8FDC-42A3-9474-1A3956D46DE8}") = "Basket", "Basket", "{DC5C752E-857F-49AB-B2E8-7FB07386DD84}"
EndProject
Project("{FAE04EC0-301F-11D3-BF4B-00C04F79EFBC}") = "API.Basket", "..\Services\Basket\API.Basket\API.Basket.csproj", "{D87D2178-3B96-4EDF-8CB4-1DA9DA0E6150}"
EndProject
Global
	GlobalSection(SolutionConfigurationPlatforms) = preSolution
		Debug|Any CPU = Debug|Any CPU
		Release|Any CPU = Release|Any CPU
	EndGlobalSection
	GlobalSection(ProjectConfigurationPlatforms) = postSolution
		{9D9D290F-067A-43B5-8FB3-5A0900B5E415}.Debug|Any CPU.ActiveCfg = Debug|Any CPU
		{9D9D290F-067A-43B5-8FB3-5A0900B5E415}.Debug|Any CPU.Build.0 = Debug|Any CPU
		{9D9D290F-067A-43B5-8FB3-5A0900B5E415}.Release|Any CPU.ActiveCfg = Release|Any CPU
		{9D9D290F-067A-43B5-8FB3-5A0900B5E415}.Release|Any CPU.Build.0 = Release|Any CPU
		{BF6632D1-7D36-4A87-B606-427979D43E52}.Debug|Any CPU.ActiveCfg = Debug|Any CPU
		{BF6632D1-7D36-4A87-B606-427979D43E52}.Debug|Any CPU.Build.0 = Debug|Any CPU
		{BF6632D1-7D36-4A87-B606-427979D43E52}.Release|Any CPU.ActiveCfg = Release|Any CPU
		{BF6632D1-7D36-4A87-B606-427979D43E52}.Release|Any CPU.Build.0 = Release|Any CPU
		{D87D2178-3B96-4EDF-8CB4-1DA9DA0E6150}.Debug|Any CPU.ActiveCfg = Debug|Any CPU
		{D87D2178-3B96-4EDF-8CB4-1DA9DA0E6150}.Debug|Any CPU.Build.0 = Debug|Any CPU
		{D87D2178-3B96-4EDF-8CB4-1DA9DA0E6150}.Release|Any CPU.ActiveCfg = Release|Any CPU
		{D87D2178-3B96-4EDF-8CB4-1DA9DA0E6150}.Release|Any CPU.Build.0 = Release|Any CPU
	EndGlobalSection
	GlobalSection(SolutionProperties) = preSolution
		HideSolutionNode = FALSE
	EndGlobalSection
	GlobalSection(NestedProjects) = preSolution
		{409D6893-A3EF-42E4-8C45-74DE59B54A95} = {879D9698-C463-4E73-BAA1-EC8DEECED47F}
		{9D9D290F-067A-43B5-8FB3-5A0900B5E415} = {409D6893-A3EF-42E4-8C45-74DE59B54A95}
		{DC5C752E-857F-49AB-B2E8-7FB07386DD84} = {879D9698-C463-4E73-BAA1-EC8DEECED47F}
		{D87D2178-3B96-4EDF-8CB4-1DA9DA0E6150} = {DC5C752E-857F-49AB-B2E8-7FB07386DD84}
	EndGlobalSection
	GlobalSection(ExtensibilityGlobals) = postSolution
		SolutionGuid = {8B603D2F-88D7-4A42-968A-AE5A04878B7F}
	EndGlobalSection
EndGlobal
